<?xml version="1.0" encoding="utf-8"?>
<Project ToolsVersion="4.0" xmlns="http://schemas.microsoft.com/developer/msbuild/2003">
  <ItemGroup>
    <Filter Include="ParticleSystem">
      <UniqueIdentifier>{3E193C67-2AE7-2F6D-137B-A093FFE70BD2}</UniqueIdentifier>
    </Filter>
    <Filter Include="Sandbox2D">
      <UniqueIdentifier>{AA155D3F-1680-11B6-5FBE-C25BCB67EF0A}</UniqueIdentifier>
    </Filter>
    <Filter Include="example1">
      <UniqueIdentifier>{42D830B1-2EA5-8BBC-57BE-796443EAC04A}</UniqueIdentifier>
    </Filter>
  </ItemGroup>
  <ItemGroup>
    <ClInclude Include="src\ParticleSystem\ParticleSystem.h">
      <Filter>ParticleSystem</Filter>
    </ClInclude>
    <ClInclude Include="src\ParticleSystem\Random.h">
      <Filter>ParticleSystem</Filter>
    </ClInclude>
    <ClInclude Include="src\Sandbox2D\Sandbox2D.h">
      <Filter>Sandbox2D</Filter>
    </ClInclude>
    <ClInclude Include="src\example1\example1.h">
      <Filter>example1</Filter>
    </ClInclude>
  </ItemGroup>
  <ItemGroup>
    <ClCompile Include="src\ParticleSystem\ParticleSystem.cpp">
      <Filter>ParticleSystem</Filter>
    </ClCompile>
    <ClCompile Include="src\ParticleSystem\Random.cpp">
      <Filter>ParticleSystem</Filter>
    </ClCompile>
    <ClCompile Include="src\Sandbox2D\Sandbox2D.cpp">
      <Filter>Sandbox2D</Filter>
    </ClCompile>
    <ClCompile Include="src\SandboxApp.cpp" />
    <ClCompile Include="src\example1\example1.cpp">
      <Filter>example1</Filter>
    </ClCompile>
  </ItemGroup>
</Project>