<?xml version="1.0" encoding="utf-8"?>
<Project ToolsVersion="4.0" xmlns="http://schemas.microsoft.com/developer/msbuild/2003">
  <ItemGroup>
    <Filter Include="Platform">
      <UniqueIdentifier>{2AC788B4-1694-E3BF-3FAD-D1672BD9184E}</UniqueIdentifier>
    </Filter>
    <Filter Include="Platform\Windows">
      <UniqueIdentifier>{64FBD71A-50F4-F66C-7926-DCF1657ED678}</UniqueIdentifier>
    </Filter>
    <Filter Include="Uneye">
      <UniqueIdentifier>{4B323F0E-B746-67BF-80C8-0A1FEC9B63F0}</UniqueIdentifier>
    </Filter>
    <Filter Include="Uneye\Events">
      <UniqueIdentifier>{CFFBB18F-BB5E-4134-64E4-79EA50260DB7}</UniqueIdentifier>
    </Filter>
  </ItemGroup>
  <ItemGroup>
    <ClInclude Include="src\Platform\Windows\WinWindow.h">
      <Filter>Platform\Windows</Filter>
    </ClInclude>
    <ClInclude Include="src\Uneye.h" />
    <ClInclude Include="src\Uneye\Application.h">
      <Filter>Uneye</Filter>
    </ClInclude>
    <ClInclude Include="src\Uneye\Core.h">
      <Filter>Uneye</Filter>
    </ClInclude>
    <ClInclude Include="src\Uneye\EntryPoint.h">
      <Filter>Uneye</Filter>
    </ClInclude>
    <ClInclude Include="src\Uneye\Events\ApplicationEvent.h">
      <Filter>Uneye\Events</Filter>
    </ClInclude>
    <ClInclude Include="src\Uneye\Events\Event.h">
      <Filter>Uneye\Events</Filter>
    </ClInclude>
    <ClInclude Include="src\Uneye\Events\KeyEvent.h">
      <Filter>Uneye\Events</Filter>
    </ClInclude>
    <ClInclude Include="src\Uneye\Events\MouseEvent.h">
      <Filter>Uneye\Events</Filter>
    </ClInclude>
    <ClInclude Include="src\Uneye\Layer.h">
      <Filter>Uneye</Filter>
    </ClInclude>
    <ClInclude Include="src\Uneye\LayerStack.h">
      <Filter>Uneye</Filter>
    </ClInclude>
    <ClInclude Include="src\Uneye\Log.h">
      <Filter>Uneye</Filter>
    </ClInclude>
    <ClInclude Include="src\Uneye\Window.h">
      <Filter>Uneye</Filter>
    </ClInclude>
    <ClInclude Include="src\Uneyepch.h" />
  </ItemGroup>
  <ItemGroup>
    <ClCompile Include="src\Platform\Windows\WinWindow.cpp">
      <Filter>Platform\Windows</Filter>
    </ClCompile>
    <ClCompile Include="src\Uneye\Application.cpp">
      <Filter>Uneye</Filter>
    </ClCompile>
    <ClCompile Include="src\Uneye\Layer.cpp">
      <Filter>Uneye</Filter>
    </ClCompile>
    <ClCompile Include="src\Uneye\LayerStack.cpp">
      <Filter>Uneye</Filter>
    </ClCompile>
    <ClCompile Include="src\Uneye\Log.cpp">
      <Filter>Uneye</Filter>
    </ClCompile>
    <ClCompile Include="src\Uneyepch.cpp" />
  </ItemGroup>
</Project>